
Microsoft Visual Studio Solution File, Format Version 12.00
# Visual Studio Version 16
VisualStudioVersion = 16.0.31129.286
MinimumVisualStudioVersion = 10.0.40219.1
Project("{9A19103F-16F7-4668-BE54-9A1E7A4F7556}") = "FizzBuzz", "FizzBuzz\FizzBuzz.csproj", "{795A67C8-E3BC-45BE-9C6B-6E23FD4580AC}"
EndProject
Project("{9A19103F-16F7-4668-BE54-9A1E7A4F7556}") = "ReverseInteger", "ReverseInteger\ReverseInteger.csproj", "{F94001F3-8D05-400D-8234-FFF57888079C}"
EndProject
Project("{9A19103F-16F7-4668-BE54-9A1E7A4F7556}") = "StudentsAndSchools", "StudentsAndSchools\StudentsAndSchools.csproj", "{808B469E-9323-4D59-BFFE-3E6FC9898A66}"
EndProject
Global
	GlobalSection(SolutionConfigurationPlatforms) = preSolution
		Debug|Any CPU = Debug|Any CPU
		Release|Any CPU = Release|Any CPU
	EndGlobalSection
	GlobalSection(ProjectConfigurationPlatforms) = postSolution
		{795A67C8-E3BC-45BE-9C6B-6E23FD4580AC}.Debug|Any CPU.ActiveCfg = Debug|Any CPU
		{795A67C8-E3BC-45BE-9C6B-6E23FD4580AC}.Debug|Any CPU.Build.0 = Debug|Any CPU
		{795A67C8-E3BC-45BE-9C6B-6E23FD4580AC}.Release|Any CPU.ActiveCfg = Release|Any CPU
		{795A67C8-E3BC-45BE-9C6B-6E23FD4580AC}.Release|Any CPU.Build.0 = Release|Any CPU
		{F94001F3-8D05-400D-8234-FFF57888079C}.Debug|Any CPU.ActiveCfg = Debug|Any CPU
		{F94001F3-8D05-400D-8234-FFF57888079C}.Debug|Any CPU.Build.0 = Debug|Any CPU
		{F94001F3-8D05-400D-8234-FFF57888079C}.Release|Any CPU.ActiveCfg = Release|Any CPU
		{F94001F3-8D05-400D-8234-FFF57888079C}.Release|Any CPU.Build.0 = Release|Any CPU
		{808B469E-9323-4D59-BFFE-3E6FC9898A66}.Debug|Any CPU.ActiveCfg = Debug|Any CPU
		{808B469E-9323-4D59-BFFE-3E6FC9898A66}.Debug|Any CPU.Build.0 = Debug|Any CPU
		{808B469E-9323-4D59-BFFE-3E6FC9898A66}.Release|Any CPU.ActiveCfg = Release|Any CPU
		{808B469E-9323-4D59-BFFE-3E6FC9898A66}.Release|Any CPU.Build.0 = Release|Any CPU
	EndGlobalSection
	GlobalSection(SolutionProperties) = preSolution
		HideSolutionNode = FALSE
	EndGlobalSection
	GlobalSection(ExtensibilityGlobals) = postSolution
		SolutionGuid = {A45FAE52-4EDB-4971-BC0B-50F968593E50}
	EndGlobalSection
EndGlobal
